
Microsoft Visual Studio Solution File, Format Version 12.00
# Visual Studio Version 16
VisualStudioVersion = 16.0.30413.136
MinimumVisualStudioVersion = 10.0.40219.1
Project("{2150E333-8FDC-42A3-9474-1A3956D46DE8}") = "src", "src", "{1A62AE07-79FB-4D81-87B1-D1819D9B660D}"
EndProject
Project("{2150E333-8FDC-42A3-9474-1A3956D46DE8}") = "Catalog", "Catalog", "{1FF71F8F-6513-4FF2-BC9B-59166EA09C8C}"
EndProject
Project("{9A19103F-16F7-4668-BE54-9A1E7A4F7556}") = "Catalog.API", "src\Catalog\Catalog.API\Catalog.API.csproj", "{0E8B88A5-6DF8-4D2C-9F9D-E94B9D531CF7}"
EndProject
Project("{E53339B2-1760-4266-BCC7-CA923CBCF16C}") = "docker-compose", "docker-compose.dcproj", "{E8E488F1-DF00-4AB4-9831-3385168745C4}"
EndProject
Project("{2150E333-8FDC-42A3-9474-1A3956D46DE8}") = "Basket", "Basket", "{90E55DB7-389D-471A-B0EB-8216E546E5D1}"
EndProject
Project("{9A19103F-16F7-4668-BE54-9A1E7A4F7556}") = "Basket.API", "src\Basket\Basket.API\Basket.API.csproj", "{A435AC61-73D2-498D-B6EF-6A81EA78FE36}"
EndProject
Project("{2150E333-8FDC-42A3-9474-1A3956D46DE8}") = "Common", "Common", "{E5A9CFA3-4782-4B70-839B-C0530BDD1DC4}"
EndProject
Project("{FAE04EC0-301F-11D3-BF4B-00C04F79EFBC}") = "EventBusRabbitMQ", "Common\EventBusRabbitMQ\EventBusRabbitMQ.csproj", "{6B045598-4012-454A-B29A-F7344B87A8B6}"
EndProject
Global
	GlobalSection(SolutionConfigurationPlatforms) = preSolution
		Debug|Any CPU = Debug|Any CPU
		Release|Any CPU = Release|Any CPU
	EndGlobalSection
	GlobalSection(ProjectConfigurationPlatforms) = postSolution
		{0E8B88A5-6DF8-4D2C-9F9D-E94B9D531CF7}.Debug|Any CPU.ActiveCfg = Debug|Any CPU
		{0E8B88A5-6DF8-4D2C-9F9D-E94B9D531CF7}.Debug|Any CPU.Build.0 = Debug|Any CPU
		{0E8B88A5-6DF8-4D2C-9F9D-E94B9D531CF7}.Release|Any CPU.ActiveCfg = Release|Any CPU
		{0E8B88A5-6DF8-4D2C-9F9D-E94B9D531CF7}.Release|Any CPU.Build.0 = Release|Any CPU
		{E8E488F1-DF00-4AB4-9831-3385168745C4}.Debug|Any CPU.ActiveCfg = Debug|Any CPU
		{E8E488F1-DF00-4AB4-9831-3385168745C4}.Debug|Any CPU.Build.0 = Debug|Any CPU
		{E8E488F1-DF00-4AB4-9831-3385168745C4}.Release|Any CPU.ActiveCfg = Release|Any CPU
		{E8E488F1-DF00-4AB4-9831-3385168745C4}.Release|Any CPU.Build.0 = Release|Any CPU
		{A435AC61-73D2-498D-B6EF-6A81EA78FE36}.Debug|Any CPU.ActiveCfg = Debug|Any CPU
		{A435AC61-73D2-498D-B6EF-6A81EA78FE36}.Debug|Any CPU.Build.0 = Debug|Any CPU
		{A435AC61-73D2-498D-B6EF-6A81EA78FE36}.Release|Any CPU.ActiveCfg = Release|Any CPU
		{A435AC61-73D2-498D-B6EF-6A81EA78FE36}.Release|Any CPU.Build.0 = Release|Any CPU
		{6B045598-4012-454A-B29A-F7344B87A8B6}.Debug|Any CPU.ActiveCfg = Debug|Any CPU
		{6B045598-4012-454A-B29A-F7344B87A8B6}.Debug|Any CPU.Build.0 = Debug|Any CPU
		{6B045598-4012-454A-B29A-F7344B87A8B6}.Release|Any CPU.ActiveCfg = Release|Any CPU
		{6B045598-4012-454A-B29A-F7344B87A8B6}.Release|Any CPU.Build.0 = Release|Any CPU
	EndGlobalSection
	GlobalSection(SolutionProperties) = preSolution
		HideSolutionNode = FALSE
	EndGlobalSection
	GlobalSection(NestedProjects) = preSolution
		{1FF71F8F-6513-4FF2-BC9B-59166EA09C8C} = {1A62AE07-79FB-4D81-87B1-D1819D9B660D}
		{0E8B88A5-6DF8-4D2C-9F9D-E94B9D531CF7} = {1FF71F8F-6513-4FF2-BC9B-59166EA09C8C}
		{90E55DB7-389D-471A-B0EB-8216E546E5D1} = {1A62AE07-79FB-4D81-87B1-D1819D9B660D}
		{A435AC61-73D2-498D-B6EF-6A81EA78FE36} = {90E55DB7-389D-471A-B0EB-8216E546E5D1}
		{E5A9CFA3-4782-4B70-839B-C0530BDD1DC4} = {1A62AE07-79FB-4D81-87B1-D1819D9B660D}
		{6B045598-4012-454A-B29A-F7344B87A8B6} = {E5A9CFA3-4782-4B70-839B-C0530BDD1DC4}
	EndGlobalSection
	GlobalSection(ExtensibilityGlobals) = postSolution
		SolutionGuid = {F78B8165-5CCB-4F60-BFC8-EFAF19B92012}
	EndGlobalSection
EndGlobal
