
Microsoft Visual Studio Solution File, Format Version 12.00
# Visual Studio Version 16
VisualStudioVersion = 16.0.30413.136
MinimumVisualStudioVersion = 10.0.40219.1
Project("{2150E333-8FDC-42A3-9474-1A3956D46DE8}") = "src", "src", "{1A62AE07-79FB-4D81-87B1-D1819D9B660D}"
EndProject
Project("{2150E333-8FDC-42A3-9474-1A3956D46DE8}") = "Catalog", "Catalog", "{1FF71F8F-6513-4FF2-BC9B-59166EA09C8C}"
EndProject
Project("{9A19103F-16F7-4668-BE54-9A1E7A4F7556}") = "Catalog.API", "src\Catalog\Catalog.API\Catalog.API.csproj", "{0E8B88A5-6DF8-4D2C-9F9D-E94B9D531CF7}"
EndProject
Project("{E53339B2-1760-4266-BCC7-CA923CBCF16C}") = "docker-compose", "docker-compose.dcproj", "{E8E488F1-DF00-4AB4-9831-3385168745C4}"
EndProject
Project("{2150E333-8FDC-42A3-9474-1A3956D46DE8}") = "Basket", "Basket", "{90E55DB7-389D-471A-B0EB-8216E546E5D1}"
EndProject
Project("{9A19103F-16F7-4668-BE54-9A1E7A4F7556}") = "Basket.API", "src\Basket\Basket.API\Basket.API.csproj", "{A435AC61-73D2-498D-B6EF-6A81EA78FE36}"
EndProject
Project("{2150E333-8FDC-42A3-9474-1A3956D46DE8}") = "Common", "Common", "{E5A9CFA3-4782-4B70-839B-C0530BDD1DC4}"
EndProject
Project("{9A19103F-16F7-4668-BE54-9A1E7A4F7556}") = "EventBusRabbitMQ", "Common\EventBusRabbitMQ\EventBusRabbitMQ.csproj", "{6B045598-4012-454A-B29A-F7344B87A8B6}"
EndProject
Project("{2150E333-8FDC-42A3-9474-1A3956D46DE8}") = "Ordering", "Ordering", "{55036D97-9AC5-48E0-B3A4-2B5AF79547F3}"
EndProject
Project("{9A19103F-16F7-4668-BE54-9A1E7A4F7556}") = "Ordering.API", "src\Ordering\Ordering.API\Ordering.API.csproj", "{59752ADB-2233-4C75-8996-D81E7EEFB716}"
EndProject
Project("{9A19103F-16F7-4668-BE54-9A1E7A4F7556}") = "Ordering.Core", "src\Ordering\Ordering.Core\Ordering.Core.csproj", "{5016366F-FDBA-4D27-A230-C04F8C8840F4}"
EndProject
Project("{9A19103F-16F7-4668-BE54-9A1E7A4F7556}") = "Ordering.Infrastructure", "src\Ordering\Ordering.Infrastructure\Ordering.Infrastructure.csproj", "{38521C18-276C-481D-BE63-7CACBF8736F8}"
EndProject
Project("{9A19103F-16F7-4668-BE54-9A1E7A4F7556}") = "Ordering.Application", "src\Ordering\Ordering.Application\Ordering.Application.csproj", "{0496427B-AA5F-4EFF-82F7-4136EC47D497}"
EndProject
Project("{2150E333-8FDC-42A3-9474-1A3956D46DE8}") = "ApiGateway", "ApiGateway", "{43AE6719-1299-45AD-8AF3-DA1B771CBDA1}"
EndProject
Project("{FAE04EC0-301F-11D3-BF4B-00C04F79EFBC}") = "OcelotAPIGateway", "src\ApiGateway\OcelotAPIGateway\OcelotAPIGateway.csproj", "{818D6574-2EE4-4775-A495-AFB91048B5A7}"
EndProject
Global
	GlobalSection(SolutionConfigurationPlatforms) = preSolution
		Debug|Any CPU = Debug|Any CPU
		Release|Any CPU = Release|Any CPU
	EndGlobalSection
	GlobalSection(ProjectConfigurationPlatforms) = postSolution
		{0E8B88A5-6DF8-4D2C-9F9D-E94B9D531CF7}.Debug|Any CPU.ActiveCfg = Debug|Any CPU
		{0E8B88A5-6DF8-4D2C-9F9D-E94B9D531CF7}.Debug|Any CPU.Build.0 = Debug|Any CPU
		{0E8B88A5-6DF8-4D2C-9F9D-E94B9D531CF7}.Release|Any CPU.ActiveCfg = Release|Any CPU
		{0E8B88A5-6DF8-4D2C-9F9D-E94B9D531CF7}.Release|Any CPU.Build.0 = Release|Any CPU
		{E8E488F1-DF00-4AB4-9831-3385168745C4}.Debug|Any CPU.ActiveCfg = Debug|Any CPU
		{E8E488F1-DF00-4AB4-9831-3385168745C4}.Debug|Any CPU.Build.0 = Debug|Any CPU
		{E8E488F1-DF00-4AB4-9831-3385168745C4}.Release|Any CPU.ActiveCfg = Release|Any CPU
		{E8E488F1-DF00-4AB4-9831-3385168745C4}.Release|Any CPU.Build.0 = Release|Any CPU
		{A435AC61-73D2-498D-B6EF-6A81EA78FE36}.Debug|Any CPU.ActiveCfg = Debug|Any CPU
		{A435AC61-73D2-498D-B6EF-6A81EA78FE36}.Debug|Any CPU.Build.0 = Debug|Any CPU
		{A435AC61-73D2-498D-B6EF-6A81EA78FE36}.Release|Any CPU.ActiveCfg = Release|Any CPU
		{A435AC61-73D2-498D-B6EF-6A81EA78FE36}.Release|Any CPU.Build.0 = Release|Any CPU
		{6B045598-4012-454A-B29A-F7344B87A8B6}.Debug|Any CPU.ActiveCfg = Debug|Any CPU
		{6B045598-4012-454A-B29A-F7344B87A8B6}.Debug|Any CPU.Build.0 = Debug|Any CPU
		{6B045598-4012-454A-B29A-F7344B87A8B6}.Release|Any CPU.ActiveCfg = Release|Any CPU
		{6B045598-4012-454A-B29A-F7344B87A8B6}.Release|Any CPU.Build.0 = Release|Any CPU
		{59752ADB-2233-4C75-8996-D81E7EEFB716}.Debug|Any CPU.ActiveCfg = Debug|Any CPU
		{59752ADB-2233-4C75-8996-D81E7EEFB716}.Debug|Any CPU.Build.0 = Debug|Any CPU
		{59752ADB-2233-4C75-8996-D81E7EEFB716}.Release|Any CPU.ActiveCfg = Release|Any CPU
		{59752ADB-2233-4C75-8996-D81E7EEFB716}.Release|Any CPU.Build.0 = Release|Any CPU
		{5016366F-FDBA-4D27-A230-C04F8C8840F4}.Debug|Any CPU.ActiveCfg = Debug|Any CPU
		{5016366F-FDBA-4D27-A230-C04F8C8840F4}.Debug|Any CPU.Build.0 = Debug|Any CPU
		{5016366F-FDBA-4D27-A230-C04F8C8840F4}.Release|Any CPU.ActiveCfg = Release|Any CPU
		{5016366F-FDBA-4D27-A230-C04F8C8840F4}.Release|Any CPU.Build.0 = Release|Any CPU
		{38521C18-276C-481D-BE63-7CACBF8736F8}.Debug|Any CPU.ActiveCfg = Debug|Any CPU
		{38521C18-276C-481D-BE63-7CACBF8736F8}.Debug|Any CPU.Build.0 = Debug|Any CPU
		{38521C18-276C-481D-BE63-7CACBF8736F8}.Release|Any CPU.ActiveCfg = Release|Any CPU
		{38521C18-276C-481D-BE63-7CACBF8736F8}.Release|Any CPU.Build.0 = Release|Any CPU
		{0496427B-AA5F-4EFF-82F7-4136EC47D497}.Debug|Any CPU.ActiveCfg = Debug|Any CPU
		{0496427B-AA5F-4EFF-82F7-4136EC47D497}.Debug|Any CPU.Build.0 = Debug|Any CPU
		{0496427B-AA5F-4EFF-82F7-4136EC47D497}.Release|Any CPU.ActiveCfg = Release|Any CPU
		{0496427B-AA5F-4EFF-82F7-4136EC47D497}.Release|Any CPU.Build.0 = Release|Any CPU
		{818D6574-2EE4-4775-A495-AFB91048B5A7}.Debug|Any CPU.ActiveCfg = Debug|Any CPU
		{818D6574-2EE4-4775-A495-AFB91048B5A7}.Debug|Any CPU.Build.0 = Debug|Any CPU
		{818D6574-2EE4-4775-A495-AFB91048B5A7}.Release|Any CPU.ActiveCfg = Release|Any CPU
		{818D6574-2EE4-4775-A495-AFB91048B5A7}.Release|Any CPU.Build.0 = Release|Any CPU
	EndGlobalSection
	GlobalSection(SolutionProperties) = preSolution
		HideSolutionNode = FALSE
	EndGlobalSection
	GlobalSection(NestedProjects) = preSolution
		{1FF71F8F-6513-4FF2-BC9B-59166EA09C8C} = {1A62AE07-79FB-4D81-87B1-D1819D9B660D}
		{0E8B88A5-6DF8-4D2C-9F9D-E94B9D531CF7} = {1FF71F8F-6513-4FF2-BC9B-59166EA09C8C}
		{90E55DB7-389D-471A-B0EB-8216E546E5D1} = {1A62AE07-79FB-4D81-87B1-D1819D9B660D}
		{A435AC61-73D2-498D-B6EF-6A81EA78FE36} = {90E55DB7-389D-471A-B0EB-8216E546E5D1}
		{E5A9CFA3-4782-4B70-839B-C0530BDD1DC4} = {1A62AE07-79FB-4D81-87B1-D1819D9B660D}
		{6B045598-4012-454A-B29A-F7344B87A8B6} = {E5A9CFA3-4782-4B70-839B-C0530BDD1DC4}
		{55036D97-9AC5-48E0-B3A4-2B5AF79547F3} = {1A62AE07-79FB-4D81-87B1-D1819D9B660D}
		{59752ADB-2233-4C75-8996-D81E7EEFB716} = {55036D97-9AC5-48E0-B3A4-2B5AF79547F3}
		{5016366F-FDBA-4D27-A230-C04F8C8840F4} = {55036D97-9AC5-48E0-B3A4-2B5AF79547F3}
		{38521C18-276C-481D-BE63-7CACBF8736F8} = {55036D97-9AC5-48E0-B3A4-2B5AF79547F3}
		{0496427B-AA5F-4EFF-82F7-4136EC47D497} = {55036D97-9AC5-48E0-B3A4-2B5AF79547F3}
		{43AE6719-1299-45AD-8AF3-DA1B771CBDA1} = {1A62AE07-79FB-4D81-87B1-D1819D9B660D}
		{818D6574-2EE4-4775-A495-AFB91048B5A7} = {43AE6719-1299-45AD-8AF3-DA1B771CBDA1}
	EndGlobalSection
	GlobalSection(ExtensibilityGlobals) = postSolution
		SolutionGuid = {F78B8165-5CCB-4F60-BFC8-EFAF19B92012}
	EndGlobalSection
EndGlobal
